
Microsoft Visual Studio Solution File, Format Version 12.00
Project("{FAE04EC0-301F-11D3-BF4B-00C04F79EFBC}") = "PlannerEngineTests", "PlannerEngineTests\PlannerEngineTests.csproj", "{4270E60B-EDC5-4048-A694-46D6F300B1AD}"
EndProject
Project("{FAE04EC0-301F-11D3-BF4B-00C04F79EFBC}") = "PlannerEngine", "PlannerEngine\PlannerEngine.csproj", "{16607271-6A47-43FB-B726-2B139D2D471E}"
EndProject
Project("{FAE04EC0-301F-11D3-BF4B-00C04F79EFBC}") = "ConsoleApp1", "ConsoleApp1\ConsoleApp1.csproj", "{5993FAD3-86AE-41DF-B11F-EC7557E40E11}"
EndProject
Project("{FAE04EC0-301F-11D3-BF4B-00C04F79EFBC}") = "MealPlanner", "MealPlanner\MealPlanner.csproj", "{738CC310-118A-43EC-B129-93DD9350410D}"
EndProject
Global
	GlobalSection(SolutionConfigurationPlatforms) = preSolution
		Debug|Any CPU = Debug|Any CPU
		Release|Any CPU = Release|Any CPU
	EndGlobalSection
	GlobalSection(ProjectConfigurationPlatforms) = postSolution
		{4270E60B-EDC5-4048-A694-46D6F300B1AD}.Debug|Any CPU.ActiveCfg = Debug|Any CPU
		{4270E60B-EDC5-4048-A694-46D6F300B1AD}.Debug|Any CPU.Build.0 = Debug|Any CPU
		{4270E60B-EDC5-4048-A694-46D6F300B1AD}.Release|Any CPU.ActiveCfg = Release|Any CPU
		{4270E60B-EDC5-4048-A694-46D6F300B1AD}.Release|Any CPU.Build.0 = Release|Any CPU
		{16607271-6A47-43FB-B726-2B139D2D471E}.Debug|Any CPU.ActiveCfg = Debug|Any CPU
		{16607271-6A47-43FB-B726-2B139D2D471E}.Debug|Any CPU.Build.0 = Debug|Any CPU
		{16607271-6A47-43FB-B726-2B139D2D471E}.Release|Any CPU.ActiveCfg = Release|Any CPU
		{16607271-6A47-43FB-B726-2B139D2D471E}.Release|Any CPU.Build.0 = Release|Any CPU
		{5993FAD3-86AE-41DF-B11F-EC7557E40E11}.Debug|Any CPU.ActiveCfg = Debug|Any CPU
		{5993FAD3-86AE-41DF-B11F-EC7557E40E11}.Debug|Any CPU.Build.0 = Debug|Any CPU
		{5993FAD3-86AE-41DF-B11F-EC7557E40E11}.Release|Any CPU.ActiveCfg = Release|Any CPU
		{5993FAD3-86AE-41DF-B11F-EC7557E40E11}.Release|Any CPU.Build.0 = Release|Any CPU
		{738CC310-118A-43EC-B129-93DD9350410D}.Debug|Any CPU.ActiveCfg = Debug|Any CPU
		{738CC310-118A-43EC-B129-93DD9350410D}.Debug|Any CPU.Build.0 = Debug|Any CPU
		{738CC310-118A-43EC-B129-93DD9350410D}.Release|Any CPU.ActiveCfg = Release|Any CPU
		{738CC310-118A-43EC-B129-93DD9350410D}.Release|Any CPU.Build.0 = Release|Any CPU
	EndGlobalSection
EndGlobal
